{
  "version": 4,
  "terraform_version": "1.6.1",
  "serial": 25,
  "lineage": "eaaa4150-ab83-c40e-f431-331cae4b420d",
  "outputs": {},
  "resources": [
    {
      "mode": "data",
      "type": "digitalocean_container_registry",
      "name": "existing_registry",
      "provider": "provider[\"registry.opentofu.org/digitalocean/digitalocean\"]",
      "instances": [
        {
          "index_key": 0,
          "schema_version": 0,
          "attributes": {
            "created_at": "2024-02-01 14:34:09 +0000 UTC",
            "endpoint": "registry.digitalocean.com/dev-ops-novi-api",
            "id": "dev-ops-novi-api",
            "name": "dev-ops-novi-api",
            "region": "ams3",
            "server_url": "registry.digitalocean.com",
            "storage_usage_bytes": 153986048,
            "subscription_tier_slug": "basic"
          },
          "sensitive_attributes": []
        }
      ]
    },
    {
      "mode": "data",
      "type": "digitalocean_database_cluster",
      "name": "existing_database_cluster",
      "provider": "provider[\"registry.opentofu.org/digitalocean/digitalocean\"]",
      "instances": [
        {
          "index_key": 0,
          "schema_version": 0,
          "attributes": {
            "database": "defaultdb",
            "engine": "pg",
            "host": "database-devops-novi-api-do-user-15616368-0.c.db.ondigitalocean.com",
            "id": "65d5e4b8-4456-4d5f-92eb-377803e6eb4d",
            "maintenance_window": null,
            "name": "database-devops-novi-api",
            "node_count": 1,
            "password": "AVNS_yZ2Eup6W4Bx5h5Bhwd2",
            "port": 25060,
            "private_host": "private-database-devops-novi-api-do-user-15616368-0.c.db.ondigitalocean.com",
            "private_network_uuid": "cb1dafd1-c0f5-412f-bb53-a3bbcbc986bb",
            "private_uri": "postgresql://doadmin:AVNS_yZ2Eup6W4Bx5h5Bhwd2@private-database-devops-novi-api-do-user-15616368-0.c.db.ondigitalocean.com:25060/defaultdb?sslmode=require",
            "project_id": "8fb7b652-b5d5-40a4-8fae-3825269895b0",
            "region": "ams3",
            "size": "db-s-1vcpu-1gb",
            "storage_size_mib": "10240",
            "tags": [
              "api"
            ],
            "uri": "postgresql://doadmin:AVNS_yZ2Eup6W4Bx5h5Bhwd2@database-devops-novi-api-do-user-15616368-0.c.db.ondigitalocean.com:25060/defaultdb?sslmode=require",
            "urn": "do:dbaas:65d5e4b8-4456-4d5f-92eb-377803e6eb4d",
            "user": "doadmin",
            "version": "15"
          },
          "sensitive_attributes": []
        }
      ]
    },
    {
      "mode": "data",
      "type": "digitalocean_kubernetes_cluster",
      "name": "existing_kubernetes_cluster",
      "provider": "provider[\"registry.opentofu.org/digitalocean/digitalocean\"]",
      "instances": [
        {
          "index_key": 0,
          "schema_version": 0,
          "attributes": {
            "auto_upgrade": false,
            "cluster_subnet": "10.244.0.0/16",
            "created_at": "2024-02-01 14:39:26 +0000 UTC",
            "endpoint": "https://15cd6bf5-a68b-44f5-926f-989986d30dbf.k8s.ondigitalocean.com",
            "ha": false,
            "id": "15cd6bf5-a68b-44f5-926f-989986d30dbf",
            "ipv4_address": "",
            "kube_config": [
              {
                "client_certificate": "",
                "client_key": "",
                "cluster_ca_certificate": "LS0tLS1CRUdJTiBDRVJUSUZJQ0FURS0tLS0tCk1JSURKekNDQWcrZ0F3SUJBZ0lDQm5Vd0RRWUpLb1pJaHZjTkFRRUxCUUF3TXpFVk1CTUdBMVVFQ2hNTVJHbG4KYVhSaGJFOWpaV0Z1TVJvd0dBWURWUVFERXhGck9ITmhZWE1nUTJ4MWMzUmxjaUJEUVRBZUZ3MHlOREF5TURFeApORE01TXpGYUZ3MDBOREF5TURFeE5ETTVNekZhTURNeEZUQVRCZ05WQkFvVERFUnBaMmwwWVd4UFkyVmhiakVhCk1CZ0dBMVVFQXhNUmF6aHpZV0Z6SUVOc2RYTjBaWElnUTBFd2dnRWlNQTBHQ1NxR1NJYjNEUUVCQVFVQUE0SUIKRHdBd2dnRUtBb0lCQVFEeHd2ZVZwRmc3azEzV1NVblhodlpSQVlleEFndDJPY0E5ZVdGTUFNS1dxaHdLSmowZwpJdUJDZmU5NlZSTERudDVaTjBKL214dEUwWTh6cjYxMXRWRHR2SWhZQjFiakhmUktZUWpsMVhqalRVMysrckxJCnZGK0JsUE1Bd2xLOW9DcmE1T2kxUzM1c1BHVGVJSFA5NEp0N1pKcy9TVDJVRzlrbWxSS2c3eEdtOFFqTjlNUHAKY0J4MXMxa0RjNEpQT3VNRVl1ZnVVRGxrQk1ZZlFPVUpvRk9mY3UvcWxvRFRFTjMrRnBDOGhkak9VaVFvRlBHdwpibE93UlNWLzI4RkhGOFZKdDJKRDliRW9ibi94Qk5Ddk5mWWNxSU5UMFVGRlRENUJOUVltcUNoL0JrbjRzUnRhCnlxbnpoUm9rSURqNG9qZGRoWWQ4Y2FoS2hsd0JzUTd0ejNiYkFnTUJBQUdqUlRCRE1BNEdBMVVkRHdFQi93UUUKQXdJQmhqQVNCZ05WSFJNQkFmOEVDREFHQVFIL0FnRUFNQjBHQTFVZERnUVdCQlJpNlB5bmdrQzU3QURXRkViOQozZzZvV2xTaDVqQU5CZ2txaGtpRzl3MEJBUXNGQUFPQ0FRRUFuNjUyay9mZlNzS1BiVUFLK0tVWThVSU11VEhXCmdOLzAxSWpiR1VGQndpUjJpZ2VsUHhrcThvbHljb1hyRkpPWGNrNEFDeWxMNkhpbWhjSk5rMldqVWYvZnNKVUcKRStDNnNhMTRVTnZaR2NEZ2hGK0U4T3MzSE1IUFplUWkvTGlhdC9aa01oQ3p4bTA4U3ptbkFHUnBsVkVSbjFZcwpmblhaQVJIbkI0K1g4VWtZaG9TcWdIekIyaWNzV00vTlFBL3NzaFhsSlk1Y1MwWDkzc2R3cStGL2c2aG5hSHRwCkpBK002MEV2MUlZeks4NVV3RXBtZFcxMThVYVFYYWNCWXlLSXphd0lLMklSZU5IbVdxK1JSTHllVDhNWXZKZGsKTXJOb1p5Y0RkMFFsWGxxNjBKb3UrYUJEM091L0xkZTErcUNSZ3lSOFVHeThIT2o2Wjcrd0F5WDYxZz09Ci0tLS0tRU5EIENFUlRJRklDQVRFLS0tLS0K",
                "expires_at": "2024-02-15T12:31:03Z",
                "host": "https://15cd6bf5-a68b-44f5-926f-989986d30dbf.k8s.ondigitalocean.com",
                "raw_config": "apiVersion: v1\nkind: Config\nclusters:\n- cluster:\n    certificate-authority-data: LS0tLS1CRUdJTiBDRVJUSUZJQ0FURS0tLS0tCk1JSURKekNDQWcrZ0F3SUJBZ0lDQm5Vd0RRWUpLb1pJaHZjTkFRRUxCUUF3TXpFVk1CTUdBMVVFQ2hNTVJHbG4KYVhSaGJFOWpaV0Z1TVJvd0dBWURWUVFERXhGck9ITmhZWE1nUTJ4MWMzUmxjaUJEUVRBZUZ3MHlOREF5TURFeApORE01TXpGYUZ3MDBOREF5TURFeE5ETTVNekZhTURNeEZUQVRCZ05WQkFvVERFUnBaMmwwWVd4UFkyVmhiakVhCk1CZ0dBMVVFQXhNUmF6aHpZV0Z6SUVOc2RYTjBaWElnUTBFd2dnRWlNQTBHQ1NxR1NJYjNEUUVCQVFVQUE0SUIKRHdBd2dnRUtBb0lCQVFEeHd2ZVZwRmc3azEzV1NVblhodlpSQVlleEFndDJPY0E5ZVdGTUFNS1dxaHdLSmowZwpJdUJDZmU5NlZSTERudDVaTjBKL214dEUwWTh6cjYxMXRWRHR2SWhZQjFiakhmUktZUWpsMVhqalRVMysrckxJCnZGK0JsUE1Bd2xLOW9DcmE1T2kxUzM1c1BHVGVJSFA5NEp0N1pKcy9TVDJVRzlrbWxSS2c3eEdtOFFqTjlNUHAKY0J4MXMxa0RjNEpQT3VNRVl1ZnVVRGxrQk1ZZlFPVUpvRk9mY3UvcWxvRFRFTjMrRnBDOGhkak9VaVFvRlBHdwpibE93UlNWLzI4RkhGOFZKdDJKRDliRW9ibi94Qk5Ddk5mWWNxSU5UMFVGRlRENUJOUVltcUNoL0JrbjRzUnRhCnlxbnpoUm9rSURqNG9qZGRoWWQ4Y2FoS2hsd0JzUTd0ejNiYkFnTUJBQUdqUlRCRE1BNEdBMVVkRHdFQi93UUUKQXdJQmhqQVNCZ05WSFJNQkFmOEVDREFHQVFIL0FnRUFNQjBHQTFVZERnUVdCQlJpNlB5bmdrQzU3QURXRkViOQozZzZvV2xTaDVqQU5CZ2txaGtpRzl3MEJBUXNGQUFPQ0FRRUFuNjUyay9mZlNzS1BiVUFLK0tVWThVSU11VEhXCmdOLzAxSWpiR1VGQndpUjJpZ2VsUHhrcThvbHljb1hyRkpPWGNrNEFDeWxMNkhpbWhjSk5rMldqVWYvZnNKVUcKRStDNnNhMTRVTnZaR2NEZ2hGK0U4T3MzSE1IUFplUWkvTGlhdC9aa01oQ3p4bTA4U3ptbkFHUnBsVkVSbjFZcwpmblhaQVJIbkI0K1g4VWtZaG9TcWdIekIyaWNzV00vTlFBL3NzaFhsSlk1Y1MwWDkzc2R3cStGL2c2aG5hSHRwCkpBK002MEV2MUlZeks4NVV3RXBtZFcxMThVYVFYYWNCWXlLSXphd0lLMklSZU5IbVdxK1JSTHllVDhNWXZKZGsKTXJOb1p5Y0RkMFFsWGxxNjBKb3UrYUJEM091L0xkZTErcUNSZ3lSOFVHeThIT2o2Wjcrd0F5WDYxZz09Ci0tLS0tRU5EIENFUlRJRklDQVRFLS0tLS0K\n    server: https://15cd6bf5-a68b-44f5-926f-989986d30dbf.k8s.ondigitalocean.com\n  name: do-ams3-api-cluster\ncontexts:\n- context:\n    cluster: do-ams3-api-cluster\n    user: do-ams3-api-cluster-admin\n  name: do-ams3-api-cluster\ncurrent-context: do-ams3-api-cluster\nusers:\n- name: do-ams3-api-cluster-admin\n  user:\n    token: dop_v1_347de6feba936b0637a6e7c76d4d3b73afe0b57f96bd20bdffe63b45d3d90456\n",
                "token": "dop_v1_347de6feba936b0637a6e7c76d4d3b73afe0b57f96bd20bdffe63b45d3d90456"
              }
            ],
            "maintenance_policy": [
              {
                "day": "any",
                "duration": "4h0m0s",
                "start_time": "22:00"
              }
            ],
            "name": "api-cluster",
            "node_pool": [
              {
                "actual_node_count": 1,
                "auto_scale": true,
                "id": "c0f89959-9dd3-49fa-9d7c-2e24878c02b2",
                "labels": {},
                "max_nodes": 3,
                "min_nodes": 1,
                "name": "api-pool",
                "node_count": 0,
                "nodes": [
                  {
                    "created_at": "2024-02-01 14:39:26 +0000 UTC",
                    "droplet_id": "398871916",
                    "id": "6c894d0e-ba09-4bff-818e-6dc5648637a7",
                    "name": "api-pool-oftt4",
                    "status": "running",
                    "updated_at": "2024-02-01 14:41:42 +0000 UTC"
                  }
                ],
                "size": "s-2vcpu-2gb",
                "tags": [
                  "api"
                ],
                "taint": []
              }
            ],
            "region": "ams3",
            "service_subnet": "10.245.0.0/16",
            "status": "running",
            "surge_upgrade": true,
            "tags": [
              "api"
            ],
            "updated_at": "2024-02-06 22:02:25 +0000 UTC",
            "urn": "do:kubernetes:15cd6bf5-a68b-44f5-926f-989986d30dbf",
            "version": "1.29.0-do.0",
            "vpc_uuid": "cb1dafd1-c0f5-412f-bb53-a3bbcbc986bb"
          },
          "sensitive_attributes": []
        }
      ]
    },
    {
      "mode": "data",
      "type": "digitalocean_kubernetes_cluster",
      "name": "kubernetes-api-cluster",
      "provider": "provider[\"registry.opentofu.org/digitalocean/digitalocean\"]",
      "instances": [
        {
          "schema_version": 0,
          "attributes": {
            "auto_upgrade": false,
            "cluster_subnet": "10.244.0.0/16",
            "created_at": "2024-02-01 14:39:26 +0000 UTC",
            "endpoint": "https://15cd6bf5-a68b-44f5-926f-989986d30dbf.k8s.ondigitalocean.com",
            "ha": false,
            "id": "15cd6bf5-a68b-44f5-926f-989986d30dbf",
            "ipv4_address": "",
            "kube_config": [
              {
                "client_certificate": "",
                "client_key": "",
                "cluster_ca_certificate": "LS0tLS1CRUdJTiBDRVJUSUZJQ0FURS0tLS0tCk1JSURKekNDQWcrZ0F3SUJBZ0lDQm5Vd0RRWUpLb1pJaHZjTkFRRUxCUUF3TXpFVk1CTUdBMVVFQ2hNTVJHbG4KYVhSaGJFOWpaV0Z1TVJvd0dBWURWUVFERXhGck9ITmhZWE1nUTJ4MWMzUmxjaUJEUVRBZUZ3MHlOREF5TURFeApORE01TXpGYUZ3MDBOREF5TURFeE5ETTVNekZhTURNeEZUQVRCZ05WQkFvVERFUnBaMmwwWVd4UFkyVmhiakVhCk1CZ0dBMVVFQXhNUmF6aHpZV0Z6SUVOc2RYTjBaWElnUTBFd2dnRWlNQTBHQ1NxR1NJYjNEUUVCQVFVQUE0SUIKRHdBd2dnRUtBb0lCQVFEeHd2ZVZwRmc3azEzV1NVblhodlpSQVlleEFndDJPY0E5ZVdGTUFNS1dxaHdLSmowZwpJdUJDZmU5NlZSTERudDVaTjBKL214dEUwWTh6cjYxMXRWRHR2SWhZQjFiakhmUktZUWpsMVhqalRVMysrckxJCnZGK0JsUE1Bd2xLOW9DcmE1T2kxUzM1c1BHVGVJSFA5NEp0N1pKcy9TVDJVRzlrbWxSS2c3eEdtOFFqTjlNUHAKY0J4MXMxa0RjNEpQT3VNRVl1ZnVVRGxrQk1ZZlFPVUpvRk9mY3UvcWxvRFRFTjMrRnBDOGhkak9VaVFvRlBHdwpibE93UlNWLzI4RkhGOFZKdDJKRDliRW9ibi94Qk5Ddk5mWWNxSU5UMFVGRlRENUJOUVltcUNoL0JrbjRzUnRhCnlxbnpoUm9rSURqNG9qZGRoWWQ4Y2FoS2hsd0JzUTd0ejNiYkFnTUJBQUdqUlRCRE1BNEdBMVVkRHdFQi93UUUKQXdJQmhqQVNCZ05WSFJNQkFmOEVDREFHQVFIL0FnRUFNQjBHQTFVZERnUVdCQlJpNlB5bmdrQzU3QURXRkViOQozZzZvV2xTaDVqQU5CZ2txaGtpRzl3MEJBUXNGQUFPQ0FRRUFuNjUyay9mZlNzS1BiVUFLK0tVWThVSU11VEhXCmdOLzAxSWpiR1VGQndpUjJpZ2VsUHhrcThvbHljb1hyRkpPWGNrNEFDeWxMNkhpbWhjSk5rMldqVWYvZnNKVUcKRStDNnNhMTRVTnZaR2NEZ2hGK0U4T3MzSE1IUFplUWkvTGlhdC9aa01oQ3p4bTA4U3ptbkFHUnBsVkVSbjFZcwpmblhaQVJIbkI0K1g4VWtZaG9TcWdIekIyaWNzV00vTlFBL3NzaFhsSlk1Y1MwWDkzc2R3cStGL2c2aG5hSHRwCkpBK002MEV2MUlZeks4NVV3RXBtZFcxMThVYVFYYWNCWXlLSXphd0lLMklSZU5IbVdxK1JSTHllVDhNWXZKZGsKTXJOb1p5Y0RkMFFsWGxxNjBKb3UrYUJEM091L0xkZTErcUNSZ3lSOFVHeThIT2o2Wjcrd0F5WDYxZz09Ci0tLS0tRU5EIENFUlRJRklDQVRFLS0tLS0K",
                "expires_at": "2024-02-15T12:31:03Z",
                "host": "https://15cd6bf5-a68b-44f5-926f-989986d30dbf.k8s.ondigitalocean.com",
                "raw_config": "apiVersion: v1\nkind: Config\nclusters:\n- cluster:\n    certificate-authority-data: LS0tLS1CRUdJTiBDRVJUSUZJQ0FURS0tLS0tCk1JSURKekNDQWcrZ0F3SUJBZ0lDQm5Vd0RRWUpLb1pJaHZjTkFRRUxCUUF3TXpFVk1CTUdBMVVFQ2hNTVJHbG4KYVhSaGJFOWpaV0Z1TVJvd0dBWURWUVFERXhGck9ITmhZWE1nUTJ4MWMzUmxjaUJEUVRBZUZ3MHlOREF5TURFeApORE01TXpGYUZ3MDBOREF5TURFeE5ETTVNekZhTURNeEZUQVRCZ05WQkFvVERFUnBaMmwwWVd4UFkyVmhiakVhCk1CZ0dBMVVFQXhNUmF6aHpZV0Z6SUVOc2RYTjBaWElnUTBFd2dnRWlNQTBHQ1NxR1NJYjNEUUVCQVFVQUE0SUIKRHdBd2dnRUtBb0lCQVFEeHd2ZVZwRmc3azEzV1NVblhodlpSQVlleEFndDJPY0E5ZVdGTUFNS1dxaHdLSmowZwpJdUJDZmU5NlZSTERudDVaTjBKL214dEUwWTh6cjYxMXRWRHR2SWhZQjFiakhmUktZUWpsMVhqalRVMysrckxJCnZGK0JsUE1Bd2xLOW9DcmE1T2kxUzM1c1BHVGVJSFA5NEp0N1pKcy9TVDJVRzlrbWxSS2c3eEdtOFFqTjlNUHAKY0J4MXMxa0RjNEpQT3VNRVl1ZnVVRGxrQk1ZZlFPVUpvRk9mY3UvcWxvRFRFTjMrRnBDOGhkak9VaVFvRlBHdwpibE93UlNWLzI4RkhGOFZKdDJKRDliRW9ibi94Qk5Ddk5mWWNxSU5UMFVGRlRENUJOUVltcUNoL0JrbjRzUnRhCnlxbnpoUm9rSURqNG9qZGRoWWQ4Y2FoS2hsd0JzUTd0ejNiYkFnTUJBQUdqUlRCRE1BNEdBMVVkRHdFQi93UUUKQXdJQmhqQVNCZ05WSFJNQkFmOEVDREFHQVFIL0FnRUFNQjBHQTFVZERnUVdCQlJpNlB5bmdrQzU3QURXRkViOQozZzZvV2xTaDVqQU5CZ2txaGtpRzl3MEJBUXNGQUFPQ0FRRUFuNjUyay9mZlNzS1BiVUFLK0tVWThVSU11VEhXCmdOLzAxSWpiR1VGQndpUjJpZ2VsUHhrcThvbHljb1hyRkpPWGNrNEFDeWxMNkhpbWhjSk5rMldqVWYvZnNKVUcKRStDNnNhMTRVTnZaR2NEZ2hGK0U4T3MzSE1IUFplUWkvTGlhdC9aa01oQ3p4bTA4U3ptbkFHUnBsVkVSbjFZcwpmblhaQVJIbkI0K1g4VWtZaG9TcWdIekIyaWNzV00vTlFBL3NzaFhsSlk1Y1MwWDkzc2R3cStGL2c2aG5hSHRwCkpBK002MEV2MUlZeks4NVV3RXBtZFcxMThVYVFYYWNCWXlLSXphd0lLMklSZU5IbVdxK1JSTHllVDhNWXZKZGsKTXJOb1p5Y0RkMFFsWGxxNjBKb3UrYUJEM091L0xkZTErcUNSZ3lSOFVHeThIT2o2Wjcrd0F5WDYxZz09Ci0tLS0tRU5EIENFUlRJRklDQVRFLS0tLS0K\n    server: https://15cd6bf5-a68b-44f5-926f-989986d30dbf.k8s.ondigitalocean.com\n  name: do-ams3-api-cluster\ncontexts:\n- context:\n    cluster: do-ams3-api-cluster\n    user: do-ams3-api-cluster-admin\n  name: do-ams3-api-cluster\ncurrent-context: do-ams3-api-cluster\nusers:\n- name: do-ams3-api-cluster-admin\n  user:\n    token: dop_v1_6b4cc7f7fcdfb1ce74b9e1f5f3057dd5c2283d08d2531e8ddf626cea11dc00ab\n",
                "token": "dop_v1_6b4cc7f7fcdfb1ce74b9e1f5f3057dd5c2283d08d2531e8ddf626cea11dc00ab"
              }
            ],
            "maintenance_policy": [
              {
                "day": "any",
                "duration": "4h0m0s",
                "start_time": "22:00"
              }
            ],
            "name": "api-cluster",
            "node_pool": [
              {
                "actual_node_count": 1,
                "auto_scale": true,
                "id": "c0f89959-9dd3-49fa-9d7c-2e24878c02b2",
                "labels": {},
                "max_nodes": 3,
                "min_nodes": 1,
                "name": "api-pool",
                "node_count": 0,
                "nodes": [
                  {
                    "created_at": "2024-02-01 14:39:26 +0000 UTC",
                    "droplet_id": "398871916",
                    "id": "6c894d0e-ba09-4bff-818e-6dc5648637a7",
                    "name": "api-pool-oftt4",
                    "status": "running",
                    "updated_at": "2024-02-01 14:41:42 +0000 UTC"
                  }
                ],
                "size": "s-2vcpu-2gb",
                "tags": [
                  "api"
                ],
                "taint": []
              }
            ],
            "region": "ams3",
            "service_subnet": "10.245.0.0/16",
            "status": "running",
            "surge_upgrade": true,
            "tags": [
              "api"
            ],
            "updated_at": "2024-02-06 22:02:25 +0000 UTC",
            "urn": "do:kubernetes:15cd6bf5-a68b-44f5-926f-989986d30dbf",
            "version": "1.29.0-do.0",
            "vpc_uuid": "cb1dafd1-c0f5-412f-bb53-a3bbcbc986bb"
          },
          "sensitive_attributes": []
        }
      ]
    },
    {
      "mode": "managed",
      "type": "helm_release",
      "name": "loki",
      "provider": "provider[\"registry.opentofu.org/hashicorp/helm\"]",
      "instances": [
        {
          "schema_version": 1,
          "attributes": {
            "atomic": false,
            "chart": "loki-stack",
            "cleanup_on_fail": false,
            "create_namespace": false,
            "dependency_update": false,
            "description": null,
            "devel": null,
            "disable_crd_hooks": false,
            "disable_openapi_validation": false,
            "disable_webhooks": false,
            "force_update": false,
            "id": "loki",
            "keyring": null,
            "lint": false,
            "manifest": null,
            "max_history": 0,
            "metadata": [
              {
                "app_version": "v2.9.3",
                "chart": "loki-stack",
                "name": "loki",
                "namespace": "loki-stack",
                "revision": 1,
                "values": "{\"grafana\":{\"enabled\":true},\"promtail\":{\"enabled\":true}}",
                "version": "2.10.1"
              }
            ],
            "name": "loki",
            "namespace": "loki-stack",
            "pass_credentials": false,
            "postrender": [],
            "recreate_pods": false,
            "render_subchart_notes": true,
            "replace": false,
            "repository": "https://grafana.github.io/helm-charts",
            "repository_ca_file": null,
            "repository_cert_file": null,
            "repository_key_file": null,
            "repository_password": null,
            "repository_username": null,
            "reset_values": false,
            "reuse_values": false,
            "set": [
              {
                "name": "grafana.enabled",
                "type": "",
                "value": "true"
              },
              {
                "name": "promtail.enabled",
                "type": "",
                "value": "true"
              }
            ],
            "set_list": [],
            "set_sensitive": [],
            "skip_crds": false,
            "status": "deployed",
            "timeout": 300,
            "values": null,
            "verify": false,
            "version": "2.10.1",
            "wait": true,
            "wait_for_jobs": false
          },
          "sensitive_attributes": [],
          "private": "eyJzY2hlbWFfdmVyc2lvbiI6IjEifQ==",
          "dependencies": [
            "data.digitalocean_kubernetes_cluster.kubernetes-api-cluster",
            "digitalocean_container_registry.container-registry",
            "digitalocean_database_cluster.database-cluster",
            "digitalocean_kubernetes_cluster.kubernetes-api-cluster",
            "kubernetes_namespace.loki-stack"
          ]
        }
      ]
    },
    {
      "mode": "managed",
      "type": "kubernetes_namespace",
      "name": "loki-stack",
      "provider": "provider[\"registry.opentofu.org/hashicorp/kubernetes\"]",
      "instances": [
        {
          "schema_version": 0,
          "attributes": {
            "id": "loki-stack",
            "metadata": [
              {
                "annotations": {
                  "name": "loki-stack"
                },
                "generate_name": "",
                "generation": 0,
                "labels": {},
                "name": "loki-stack",
                "resource_version": "1929211",
                "uid": "7f30e398-9d87-4bbe-8f2b-22cfb5b918ee"
              }
            ],
            "timeouts": null,
            "wait_for_default_service_account": false
          },
          "sensitive_attributes": [],
          "private": "eyJlMmJmYjczMC1lY2FhLTExZTYtOGY4OC0zNDM2M2JjN2M0YzAiOnsiZGVsZXRlIjozMDAwMDAwMDAwMDB9fQ==",
          "dependencies": [
            "data.digitalocean_kubernetes_cluster.kubernetes-api-cluster",
            "digitalocean_container_registry.container-registry",
            "digitalocean_database_cluster.database-cluster",
            "digitalocean_kubernetes_cluster.kubernetes-api-cluster"
          ]
        }
      ]
    }
  ],
  "check_results": null
}
